
Microsoft Visual Studio Solution File, Format Version 12.00
# Visual Studio Version 17
VisualStudioVersion = 17.3.32929.385
MinimumVisualStudioVersion = 10.0.40219.1
Project("{9A19103F-16F7-4668-BE54-9A1E7A4F7556}") = "DataAccess", "DataAccess\DataAccess.csproj", "{293AC9A6-1797-49C1-8E70-448BB932CF02}"
EndProject
Project("{9A19103F-16F7-4668-BE54-9A1E7A4F7556}") = "Business", "Business\Business.csproj", "{BBC23FEA-CD72-456E-A014-1B10ECBD5B68}"
EndProject
Project("{9A19103F-16F7-4668-BE54-9A1E7A4F7556}") = "Entities", "Entities\Entities.csproj", "{2E260049-9E82-4904-8E9F-59F8B1498DCC}"
EndProject
Project("{9A19103F-16F7-4668-BE54-9A1E7A4F7556}") = "ConsoleUI", "ConsoleUI\ConsoleUI.csproj", "{CEC58407-D39D-40DA-A0F1-C39F4B352883}"
EndProject
Project("{9A19103F-16F7-4668-BE54-9A1E7A4F7556}") = "Core", "Core\Core.csproj", "{9E0E8F30-BDBC-48D5-B839-2A80538AD929}"
EndProject
Project("{FAE04EC0-301F-11D3-BF4B-00C04F79EFBC}") = "WepAPI", "WepAPI\WepAPI.csproj", "{09C71EDE-0DA3-429E-BA48-9170472DF722}"
EndProject
Global
	GlobalSection(SolutionConfigurationPlatforms) = preSolution
		Debug|Any CPU = Debug|Any CPU
		Release|Any CPU = Release|Any CPU
	EndGlobalSection
	GlobalSection(ProjectConfigurationPlatforms) = postSolution
		{293AC9A6-1797-49C1-8E70-448BB932CF02}.Debug|Any CPU.ActiveCfg = Debug|Any CPU
		{293AC9A6-1797-49C1-8E70-448BB932CF02}.Debug|Any CPU.Build.0 = Debug|Any CPU
		{293AC9A6-1797-49C1-8E70-448BB932CF02}.Release|Any CPU.ActiveCfg = Release|Any CPU
		{293AC9A6-1797-49C1-8E70-448BB932CF02}.Release|Any CPU.Build.0 = Release|Any CPU
		{BBC23FEA-CD72-456E-A014-1B10ECBD5B68}.Debug|Any CPU.ActiveCfg = Debug|Any CPU
		{BBC23FEA-CD72-456E-A014-1B10ECBD5B68}.Debug|Any CPU.Build.0 = Debug|Any CPU
		{BBC23FEA-CD72-456E-A014-1B10ECBD5B68}.Release|Any CPU.ActiveCfg = Release|Any CPU
		{BBC23FEA-CD72-456E-A014-1B10ECBD5B68}.Release|Any CPU.Build.0 = Release|Any CPU
		{2E260049-9E82-4904-8E9F-59F8B1498DCC}.Debug|Any CPU.ActiveCfg = Debug|Any CPU
		{2E260049-9E82-4904-8E9F-59F8B1498DCC}.Debug|Any CPU.Build.0 = Debug|Any CPU
		{2E260049-9E82-4904-8E9F-59F8B1498DCC}.Release|Any CPU.ActiveCfg = Release|Any CPU
		{2E260049-9E82-4904-8E9F-59F8B1498DCC}.Release|Any CPU.Build.0 = Release|Any CPU
		{CEC58407-D39D-40DA-A0F1-C39F4B352883}.Debug|Any CPU.ActiveCfg = Debug|Any CPU
		{CEC58407-D39D-40DA-A0F1-C39F4B352883}.Debug|Any CPU.Build.0 = Debug|Any CPU
		{CEC58407-D39D-40DA-A0F1-C39F4B352883}.Release|Any CPU.ActiveCfg = Release|Any CPU
		{CEC58407-D39D-40DA-A0F1-C39F4B352883}.Release|Any CPU.Build.0 = Release|Any CPU
		{9E0E8F30-BDBC-48D5-B839-2A80538AD929}.Debug|Any CPU.ActiveCfg = Debug|Any CPU
		{9E0E8F30-BDBC-48D5-B839-2A80538AD929}.Debug|Any CPU.Build.0 = Debug|Any CPU
		{9E0E8F30-BDBC-48D5-B839-2A80538AD929}.Release|Any CPU.ActiveCfg = Release|Any CPU
		{9E0E8F30-BDBC-48D5-B839-2A80538AD929}.Release|Any CPU.Build.0 = Release|Any CPU
		{09C71EDE-0DA3-429E-BA48-9170472DF722}.Debug|Any CPU.ActiveCfg = Debug|Any CPU
		{09C71EDE-0DA3-429E-BA48-9170472DF722}.Debug|Any CPU.Build.0 = Debug|Any CPU
		{09C71EDE-0DA3-429E-BA48-9170472DF722}.Release|Any CPU.ActiveCfg = Release|Any CPU
		{09C71EDE-0DA3-429E-BA48-9170472DF722}.Release|Any CPU.Build.0 = Release|Any CPU
	EndGlobalSection
	GlobalSection(SolutionProperties) = preSolution
		HideSolutionNode = FALSE
	EndGlobalSection
	GlobalSection(ExtensibilityGlobals) = postSolution
		SolutionGuid = {1C0A268B-9D2F-4086-9888-BFA078F56D43}
	EndGlobalSection
EndGlobal
